{
  "name": "infected-module",
  "version": "1.0.0",
  "lockfileVersion": 1,
  "requires": true,
  "dependencies": {
    "malicious-module": {
      "version": "1.0.1",
      "resolved": "https://registry.npmjs.org/malicious-module/-/malicious-module-1.0.1.tgz",
      "integrity": "sha512-E4Hi/rlwN7Mfso9Jw1kLRcMUAR6+cv+RE9v8bxoAJ2mfIIRboK9IMjnD3cP0E7UOu0fvQg1b9nM6h3qpX5AgLg=="
    }
  }
}
